{
  "name": "@pnotify/reference",
  "version": "5.0.0-alpha.5",
  "lockfileVersion": 1,
  "requires": true,
  "dependencies": {
    "@pnotify/core": {
      "version": "5.0.0-alpha.5",
      "resolved": "https://registry.npmjs.org/@pnotify/core/-/core-5.0.0-alpha.5.tgz",
      "integrity": "sha512-SWy+O//dh+myPpJZVIHOjgVZlRIzWI5BbKG5tDnE86JrVbdxkeaHSMPnVdAXaQjgz62Bo0yX+m/TlrTlT4F2iw=="
    },
    "svelte": {
      "version": "3.19.1",
      "resolved": "https://registry.npmjs.org/svelte/-/svelte-3.19.1.tgz",
      "integrity": "sha512-MGBh6LiWwwOfzlH9epQ8mP5DNWsuc6fWsZpLy47beqNG8wSkrQ/ez7TxaV+8VZ5KOwJJnfesj5gqgGjM2NcWVw==",
      "dev": true
    }
  }
}
