{
  "name": "pnotify-test-rollup",
  "version": "0.0.0",
  "lockfileVersion": 1,
  "requires": true,
  "dependencies": {
    "@types/estree": {
      "version": "0.0.38",
      "resolved": "https://registry.npmjs.org/@types/estree/-/estree-0.0.38.tgz",
      "integrity": "sha512-F/v7t1LwS4vnXuPooJQGBRKRGIoxWUTmA4VHfqjOccFsNDThD5bfUNpITive6s352O7o384wcpEaDV8rHCehDA==",
      "dev": true
    },
    "@types/node": {
      "version": "9.6.6",
      "resolved": "https://registry.npmjs.org/@types/node/-/node-9.6.6.tgz",
      "integrity": "sha512-SJe0g5cZeGNDP5sD8mIX3scb+eq8LQQZ60FXiKZHipYSeEFZ5EKml+NNMiO76F74TY4PoMWlNxF/YRY40FOvZQ==",
      "dev": true
    },
    "builtin-modules": {
      "version": "2.0.0",
      "resolved": "https://registry.npmjs.org/builtin-modules/-/builtin-modules-2.0.0.tgz",
      "integrity": "sha512-3U5kUA5VPsRUA3nofm/BXX7GVHKfxz0hOBAPxXrIvHzlDRkQVqEn6yi8QJegxl4LzOHLdvb7XF5dVawa/VVYBg==",
      "dev": true
    },
    "is-module": {
      "version": "1.0.0",
      "resolved": "https://registry.npmjs.org/is-module/-/is-module-1.0.0.tgz",
      "integrity": "sha1-Mlj7afeMFNW4FdZkM2tM/7ZEFZE=",
      "dev": true
    },
    "path-parse": {
      "version": "1.0.5",
      "resolved": "https://registry.npmjs.org/path-parse/-/path-parse-1.0.5.tgz",
      "integrity": "sha1-PBrfhx6pzWyUMbbqK9dKD/BVxME=",
      "dev": true
    },
    "pnotify": {
      "version": "file:../..",
      "dependencies": {
        "ansi-regex": {
          "version": "2.1.1",
          "bundled": true
        },
        "ansi-styles": {
          "version": "2.2.1",
          "bundled": true
        },
        "babel-code-frame": {
          "version": "6.22.0",
          "bundled": true,
          "requires": {
            "chalk": "1.1.3",
            "esutils": "2.0.2",
            "js-tokens": "3.0.2"
          }
        },
        "babel-core": {
          "version": "6.26.0",
          "bundled": true,
          "dev": true,
          "requires": {
            "babel-code-frame": "6.26.0",
            "babel-generator": "6.26.0",
            "babel-helpers": "6.24.1",
            "babel-messages": "6.23.0",
            "babel-register": "6.26.0",
            "babel-runtime": "6.26.0",
            "babel-template": "6.26.0",
            "babel-traverse": "6.26.0",
            "babel-types": "6.26.0",
            "babylon": "6.18.0",
            "convert-source-map": "1.5.0",
            "debug": "2.6.8",
            "json5": "0.5.1",
            "lodash": "4.17.4",
            "minimatch": "3.0.4",
            "path-is-absolute": "1.0.1",
            "private": "0.1.7",
            "slash": "1.0.0",
            "source-map": "0.5.6"
          },
          "dependencies": {
            "babel-code-frame": {
              "version": "6.26.0",
              "bundled": true,
              "dev": true,
              "requires": {
                "chalk": "1.1.3",
                "esutils": "2.0.2",
                "js-tokens": "3.0.2"
              }
            },
            "babel-runtime": {
              "version": "6.26.0",
              "bundled": true,
              "dev": true,
              "requires": {
                "core-js": "2.4.1",
                "regenerator-runtime": "0.11.0"
              }
            },
            "babel-template": {
              "version": "6.26.0",
              "bundled": true,
              "dev": true,
              "requires": {
                "babel-runtime": "6.26.0",
                "babel-traverse": "6.26.0",
                "babel-types": "6.26.0",
                "babylon": "6.18.0",
                "lodash": "4.17.4"
              }
            },
            "babel-traverse": {
              "version": "6.26.0",
              "bundled": true,
              "dev": true,
              "requires": {
                "babel-code-frame": "6.26.0",
                "babel-messages": "6.23.0",
                "babel-runtime": "6.26.0",
                "babel-types": "6.26.0",
                "babylon": "6.18.0",
                "debug": "2.6.8",
                "globals": "9.18.0",
                "invariant": "2.2.2",
                "lodash": "4.17.4"
              }
            },
            "babel-types": {
              "version": "6.26.0",
              "bundled": true,
              "dev": true,
              "requires": {
                "babel-runtime": "6.26.0",
                "esutils": "2.0.2",
                "lodash": "4.17.4",
                "to-fast-properties": "1.0.3"
              }
            },
            "babylon": {
              "version": "6.18.0",
              "bundled": true,
              "dev": true
            },
            "regenerator-runtime": {
              "version": "0.11.0",
              "bundled": true,
              "dev": true
            }
          }
        },
        "babel-generator": {
          "version": "6.26.0",
          "bundled": true,
          "dev": true,
          "requires": {
            "babel-messages": "6.23.0",
            "babel-runtime": "6.26.0",
            "babel-types": "6.26.0",
            "detect-indent": "4.0.0",
            "jsesc": "1.3.0",
            "lodash": "4.17.4",
            "source-map": "0.5.6",
            "trim-right": "1.0.1"
          },
          "dependencies": {
            "babel-runtime": {
              "version": "6.26.0",
              "bundled": true,
              "dev": true,
              "requires": {
                "core-js": "2.4.1",
                "regenerator-runtime": "0.11.0"
              }
            },
            "babel-types": {
              "version": "6.26.0",
              "bundled": true,
              "dev": true,
              "requires": {
                "babel-runtime": "6.26.0",
                "esutils": "2.0.2",
                "lodash": "4.17.4",
                "to-fast-properties": "1.0.3"
              }
            },
            "regenerator-runtime": {
              "version": "0.11.0",
              "bundled": true,
              "dev": true
            }
          }
        },
        "babel-helper-builder-binary-assignment-operator-visitor": {
          "version": "6.24.1",
          "bundled": true,
          "requires": {
            "babel-helper-explode-assignable-expression": "6.24.1",
            "babel-runtime": "6.25.0",
            "babel-types": "6.25.0"
          }
        },
        "babel-helper-call-delegate": {
          "version": "6.24.1",
          "bundled": true,
          "requires": {
            "babel-helper-hoist-variables": "6.24.1",
            "babel-runtime": "6.25.0",
            "babel-traverse": "6.25.0",
            "babel-types": "6.25.0"
          }
        },
        "babel-helper-define-map": {
          "version": "6.26.0",
          "bundled": true,
          "requires": {
            "babel-helper-function-name": "6.24.1",
            "babel-runtime": "6.26.0",
            "babel-types": "6.26.0",
            "lodash": "4.17.4"
          },
          "dependencies": {
            "babel-runtime": {
              "version": "6.26.0",
              "bundled": true,
              "requires": {
                "core-js": "2.4.1",
                "regenerator-runtime": "0.11.1"
              }
            },
            "babel-types": {
              "version": "6.26.0",
              "bundled": true,
              "requires": {
                "babel-runtime": "6.26.0",
                "esutils": "2.0.2",
                "lodash": "4.17.4",
                "to-fast-properties": "1.0.3"
              }
            },
            "regenerator-runtime": {
              "version": "0.11.1",
              "bundled": true
            }
          }
        },
        "babel-helper-explode-assignable-expression": {
          "version": "6.24.1",
          "bundled": true,
          "requires": {
            "babel-runtime": "6.25.0",
            "babel-traverse": "6.25.0",
            "babel-types": "6.25.0"
          }
        },
        "babel-helper-function-name": {
          "version": "6.24.1",
          "bundled": true,
          "requires": {
            "babel-helper-get-function-arity": "6.24.1",
            "babel-runtime": "6.25.0",
            "babel-template": "6.25.0",
            "babel-traverse": "6.25.0",
            "babel-types": "6.25.0"
          }
        },
        "babel-helper-get-function-arity": {
          "version": "6.24.1",
          "bundled": true,
          "requires": {
            "babel-runtime": "6.25.0",
            "babel-types": "6.25.0"
          }
        },
        "babel-helper-hoist-variables": {
          "version": "6.24.1",
          "bundled": true,
          "requires": {
            "babel-runtime": "6.25.0",
            "babel-types": "6.25.0"
          }
        },
        "babel-helper-optimise-call-expression": {
          "version": "6.24.1",
          "bundled": true,
          "requires": {
            "babel-runtime": "6.25.0",
            "babel-types": "6.25.0"
          }
        },
        "babel-helper-regex": {
          "version": "6.26.0",
          "bundled": true,
          "requires": {
            "babel-runtime": "6.26.0",
            "babel-types": "6.26.0",
            "lodash": "4.17.4"
          },
          "dependencies": {
            "babel-runtime": {
              "version": "6.26.0",
              "bundled": true,
              "requires": {
                "core-js": "2.4.1",
                "regenerator-runtime": "0.11.1"
              }
            },
            "babel-types": {
              "version": "6.26.0",
              "bundled": true,
              "requires": {
                "babel-runtime": "6.26.0",
                "esutils": "2.0.2",
                "lodash": "4.17.4",
                "to-fast-properties": "1.0.3"
              }
            },
            "regenerator-runtime": {
              "version": "0.11.1",
              "bundled": true
            }
          }
        },
        "babel-helper-remap-async-to-generator": {
          "version": "6.24.1",
          "bundled": true,
          "requires": {
            "babel-helper-function-name": "6.24.1",
            "babel-runtime": "6.25.0",
            "babel-template": "6.25.0",
            "babel-traverse": "6.25.0",
            "babel-types": "6.25.0"
          }
        },
        "babel-helper-replace-supers": {
          "version": "6.24.1",
          "bundled": true,
          "requires": {
            "babel-helper-optimise-call-expression": "6.24.1",
            "babel-messages": "6.23.0",
            "babel-runtime": "6.25.0",
            "babel-template": "6.25.0",
            "babel-traverse": "6.25.0",
            "babel-types": "6.25.0"
          }
        },
        "babel-helpers": {
          "version": "6.24.1",
          "bundled": true,
          "dev": true,
          "requires": {
            "babel-runtime": "6.25.0",
            "babel-template": "6.25.0"
          }
        },
        "babel-messages": {
          "version": "6.23.0",
          "bundled": true,
          "requires": {
            "babel-runtime": "6.25.0"
          }
        },
        "babel-plugin-check-es2015-constants": {
          "version": "6.22.0",
          "bundled": true,
          "requires": {
            "babel-runtime": "6.25.0"
          }
        },
        "babel-plugin-iife-wrap": {
          "version": "1.1.0",
          "bundled": true,
          "requires": {
            "babel-plugin-transform-strict-mode": "6.24.1",
            "babel-template": "6.25.0"
          }
        },
        "babel-plugin-syntax-async-functions": {
          "version": "6.13.0",
          "bundled": true
        },
        "babel-plugin-syntax-async-generators": {
          "version": "6.13.0",
          "bundled": true
        },
        "babel-plugin-syntax-class-properties": {
          "version": "6.13.0",
          "bundled": true
        },
        "babel-plugin-syntax-exponentiation-operator": {
          "version": "6.13.0",
          "bundled": true
        },
        "babel-plugin-syntax-object-rest-spread": {
          "version": "6.13.0",
          "bundled": true
        },
        "babel-plugin-syntax-trailing-function-commas": {
          "version": "6.22.0",
          "bundled": true
        },
        "babel-plugin-transform-async-generator-functions": {
          "version": "6.24.1",
          "bundled": true,
          "requires": {
            "babel-helper-remap-async-to-generator": "6.24.1",
            "babel-plugin-syntax-async-generators": "6.13.0",
            "babel-runtime": "6.25.0"
          }
        },
        "babel-plugin-transform-async-to-generator": {
          "version": "6.24.1",
          "bundled": true,
          "requires": {
            "babel-helper-remap-async-to-generator": "6.24.1",
            "babel-plugin-syntax-async-functions": "6.13.0",
            "babel-runtime": "6.25.0"
          }
        },
        "babel-plugin-transform-class-properties": {
          "version": "6.24.1",
          "bundled": true,
          "requires": {
            "babel-helper-function-name": "6.24.1",
            "babel-plugin-syntax-class-properties": "6.13.0",
            "babel-runtime": "6.25.0",
            "babel-template": "6.25.0"
          }
        },
        "babel-plugin-transform-es2015-arrow-functions": {
          "version": "6.22.0",
          "bundled": true,
          "requires": {
            "babel-runtime": "6.25.0"
          }
        },
        "babel-plugin-transform-es2015-block-scoped-functions": {
          "version": "6.22.0",
          "bundled": true,
          "requires": {
            "babel-runtime": "6.25.0"
          }
        },
        "babel-plugin-transform-es2015-block-scoping": {
          "version": "6.26.0",
          "bundled": true,
          "requires": {
            "babel-runtime": "6.26.0",
            "babel-template": "6.26.0",
            "babel-traverse": "6.26.0",
            "babel-types": "6.26.0",
            "lodash": "4.17.4"
          },
          "dependencies": {
            "babel-code-frame": {
              "version": "6.26.0",
              "bundled": true,
              "requires": {
                "chalk": "1.1.3",
                "esutils": "2.0.2",
                "js-tokens": "3.0.2"
              }
            },
            "babel-runtime": {
              "version": "6.26.0",
              "bundled": true,
              "requires": {
                "core-js": "2.4.1",
                "regenerator-runtime": "0.11.1"
              }
            },
            "babel-template": {
              "version": "6.26.0",
              "bundled": true,
              "requires": {
                "babel-runtime": "6.26.0",
                "babel-traverse": "6.26.0",
                "babel-types": "6.26.0",
                "babylon": "6.18.0",
                "lodash": "4.17.4"
              }
            },
            "babel-traverse": {
              "version": "6.26.0",
              "bundled": true,
              "requires": {
                "babel-code-frame": "6.26.0",
                "babel-messages": "6.23.0",
                "babel-runtime": "6.26.0",
                "babel-types": "6.26.0",
                "babylon": "6.18.0",
                "debug": "2.6.8",
                "globals": "9.18.0",
                "invariant": "2.2.2",
                "lodash": "4.17.4"
              }
            },
            "babel-types": {
              "version": "6.26.0",
              "bundled": true,
              "requires": {
                "babel-runtime": "6.26.0",
                "esutils": "2.0.2",
                "lodash": "4.17.4",
                "to-fast-properties": "1.0.3"
              }
            },
            "babylon": {
              "version": "6.18.0",
              "bundled": true
            },
            "regenerator-runtime": {
              "version": "0.11.1",
              "bundled": true
            }
          }
        },
        "babel-plugin-transform-es2015-classes": {
          "version": "6.24.1",
          "bundled": true,
          "requires": {
            "babel-helper-define-map": "6.26.0",
            "babel-helper-function-name": "6.24.1",
            "babel-helper-optimise-call-expression": "6.24.1",
            "babel-helper-replace-supers": "6.24.1",
            "babel-messages": "6.23.0",
            "babel-runtime": "6.25.0",
            "babel-template": "6.25.0",
            "babel-traverse": "6.25.0",
            "babel-types": "6.25.0"
          }
        },
        "babel-plugin-transform-es2015-computed-properties": {
          "version": "6.24.1",
          "bundled": true,
          "requires": {
            "babel-runtime": "6.25.0",
            "babel-template": "6.25.0"
          }
        },
        "babel-plugin-transform-es2015-destructuring": {
          "version": "6.23.0",
          "bundled": true,
          "requires": {
            "babel-runtime": "6.25.0"
          }
        },
        "babel-plugin-transform-es2015-duplicate-keys": {
          "version": "6.24.1",
          "bundled": true,
          "requires": {
            "babel-runtime": "6.25.0",
            "babel-types": "6.25.0"
          }
        },
        "babel-plugin-transform-es2015-for-of": {
          "version": "6.23.0",
          "bundled": true,
          "requires": {
            "babel-runtime": "6.25.0"
          }
        },
        "babel-plugin-transform-es2015-function-name": {
          "version": "6.24.1",
          "bundled": true,
          "requires": {
            "babel-helper-function-name": "6.24.1",
            "babel-runtime": "6.25.0",
            "babel-types": "6.25.0"
          }
        },
        "babel-plugin-transform-es2015-literals": {
          "version": "6.22.0",
          "bundled": true,
          "requires": {
            "babel-runtime": "6.25.0"
          }
        },
        "babel-plugin-transform-es2015-modules-amd": {
          "version": "6.24.1",
          "bundled": true,
          "requires": {
            "babel-plugin-transform-es2015-modules-commonjs": "6.26.0",
            "babel-runtime": "6.25.0",
            "babel-template": "6.25.0"
          }
        },
        "babel-plugin-transform-es2015-modules-commonjs": {
          "version": "6.26.0",
          "bundled": true,
          "requires": {
            "babel-plugin-transform-strict-mode": "6.24.1",
            "babel-runtime": "6.26.0",
            "babel-template": "6.26.0",
            "babel-types": "6.26.0"
          },
          "dependencies": {
            "babel-code-frame": {
              "version": "6.26.0",
              "bundled": true,
              "requires": {
                "chalk": "1.1.3",
                "esutils": "2.0.2",
                "js-tokens": "3.0.2"
              }
            },
            "babel-runtime": {
              "version": "6.26.0",
              "bundled": true,
              "requires": {
                "core-js": "2.4.1",
                "regenerator-runtime": "0.11.1"
              }
            },
            "babel-template": {
              "version": "6.26.0",
              "bundled": true,
              "requires": {
                "babel-runtime": "6.26.0",
                "babel-traverse": "6.26.0",
                "babel-types": "6.26.0",
                "babylon": "6.18.0",
                "lodash": "4.17.4"
              }
            },
            "babel-traverse": {
              "version": "6.26.0",
              "bundled": true,
              "requires": {
                "babel-code-frame": "6.26.0",
                "babel-messages": "6.23.0",
                "babel-runtime": "6.26.0",
                "babel-types": "6.26.0",
                "babylon": "6.18.0",
                "debug": "2.6.8",
                "globals": "9.18.0",
                "invariant": "2.2.2",
                "lodash": "4.17.4"
              }
            },
            "babel-types": {
              "version": "6.26.0",
              "bundled": true,
              "requires": {
                "babel-runtime": "6.26.0",
                "esutils": "2.0.2",
                "lodash": "4.17.4",
                "to-fast-properties": "1.0.3"
              }
            },
            "babylon": {
              "version": "6.18.0",
              "bundled": true
            },
            "regenerator-runtime": {
              "version": "0.11.1",
              "bundled": true
            }
          }
        },
        "babel-plugin-transform-es2015-modules-systemjs": {
          "version": "6.24.1",
          "bundled": true,
          "requires": {
            "babel-helper-hoist-variables": "6.24.1",
            "babel-runtime": "6.25.0",
            "babel-template": "6.25.0"
          }
        },
        "babel-plugin-transform-es2015-modules-umd": {
          "version": "6.24.1",
          "bundled": true,
          "requires": {
            "babel-plugin-transform-es2015-modules-amd": "6.24.1",
            "babel-runtime": "6.25.0",
            "babel-template": "6.25.0"
          }
        },
        "babel-plugin-transform-es2015-object-super": {
          "version": "6.24.1",
          "bundled": true,
          "requires": {
            "babel-helper-replace-supers": "6.24.1",
            "babel-runtime": "6.25.0"
          }
        },
        "babel-plugin-transform-es2015-parameters": {
          "version": "6.24.1",
          "bundled": true,
          "requires": {
            "babel-helper-call-delegate": "6.24.1",
            "babel-helper-get-function-arity": "6.24.1",
            "babel-runtime": "6.25.0",
            "babel-template": "6.25.0",
            "babel-traverse": "6.25.0",
            "babel-types": "6.25.0"
          }
        },
        "babel-plugin-transform-es2015-shorthand-properties": {
          "version": "6.24.1",
          "bundled": true,
          "requires": {
            "babel-runtime": "6.25.0",
            "babel-types": "6.25.0"
          }
        },
        "babel-plugin-transform-es2015-spread": {
          "version": "6.22.0",
          "bundled": true,
          "requires": {
            "babel-runtime": "6.25.0"
          }
        },
        "babel-plugin-transform-es2015-sticky-regex": {
          "version": "6.24.1",
          "bundled": true,
          "requires": {
            "babel-helper-regex": "6.26.0",
            "babel-runtime": "6.25.0",
            "babel-types": "6.25.0"
          }
        },
        "babel-plugin-transform-es2015-template-literals": {
          "version": "6.22.0",
          "bundled": true,
          "requires": {
            "babel-runtime": "6.25.0"
          }
        },
        "babel-plugin-transform-es2015-typeof-symbol": {
          "version": "6.23.0",
          "bundled": true,
          "requires": {
            "babel-runtime": "6.25.0"
          }
        },
        "babel-plugin-transform-es2015-unicode-regex": {
          "version": "6.24.1",
          "bundled": true,
          "requires": {
            "babel-helper-regex": "6.26.0",
            "babel-runtime": "6.25.0",
            "regexpu-core": "2.0.0"
          }
        },
        "babel-plugin-transform-exponentiation-operator": {
          "version": "6.24.1",
          "bundled": true,
          "requires": {
            "babel-helper-builder-binary-assignment-operator-visitor": "6.24.1",
            "babel-plugin-syntax-exponentiation-operator": "6.13.0",
            "babel-runtime": "6.25.0"
          }
        },
        "babel-plugin-transform-object-assign": {
          "version": "6.22.0",
          "bundled": true,
          "requires": {
            "babel-runtime": "6.25.0"
          }
        },
        "babel-plugin-transform-object-rest-spread": {
          "version": "6.23.0",
          "bundled": true,
          "requires": {
            "babel-plugin-syntax-object-rest-spread": "6.13.0",
            "babel-runtime": "6.25.0"
          }
        },
        "babel-plugin-transform-regenerator": {
          "version": "6.26.0",
          "bundled": true,
          "requires": {
            "regenerator-transform": "0.10.1"
          }
        },
        "babel-plugin-transform-strict-mode": {
          "version": "6.24.1",
          "bundled": true,
          "requires": {
            "babel-runtime": "6.25.0",
            "babel-types": "6.25.0"
          }
        },
        "babel-preset-env": {
          "version": "1.6.1",
          "bundled": true,
          "requires": {
            "babel-plugin-check-es2015-constants": "6.22.0",
            "babel-plugin-syntax-trailing-function-commas": "6.22.0",
            "babel-plugin-transform-async-to-generator": "6.24.1",
            "babel-plugin-transform-es2015-arrow-functions": "6.22.0",
            "babel-plugin-transform-es2015-block-scoped-functions": "6.22.0",
            "babel-plugin-transform-es2015-block-scoping": "6.26.0",
            "babel-plugin-transform-es2015-classes": "6.24.1",
            "babel-plugin-transform-es2015-computed-properties": "6.24.1",
            "babel-plugin-transform-es2015-destructuring": "6.23.0",
            "babel-plugin-transform-es2015-duplicate-keys": "6.24.1",
            "babel-plugin-transform-es2015-for-of": "6.23.0",
            "babel-plugin-transform-es2015-function-name": "6.24.1",
            "babel-plugin-transform-es2015-literals": "6.22.0",
            "babel-plugin-transform-es2015-modules-amd": "6.24.1",
            "babel-plugin-transform-es2015-modules-commonjs": "6.26.0",
            "babel-plugin-transform-es2015-modules-systemjs": "6.24.1",
            "babel-plugin-transform-es2015-modules-umd": "6.24.1",
            "babel-plugin-transform-es2015-object-super": "6.24.1",
            "babel-plugin-transform-es2015-parameters": "6.24.1",
            "babel-plugin-transform-es2015-shorthand-properties": "6.24.1",
            "babel-plugin-transform-es2015-spread": "6.22.0",
            "babel-plugin-transform-es2015-sticky-regex": "6.24.1",
            "babel-plugin-transform-es2015-template-literals": "6.22.0",
            "babel-plugin-transform-es2015-typeof-symbol": "6.23.0",
            "babel-plugin-transform-es2015-unicode-regex": "6.24.1",
            "babel-plugin-transform-exponentiation-operator": "6.24.1",
            "babel-plugin-transform-regenerator": "6.26.0",
            "browserslist": "2.11.3",
            "invariant": "2.2.2",
            "semver": "5.5.0"
          }
        },
        "babel-preset-stage-3": {
          "version": "6.24.1",
          "bundled": true,
          "requires": {
            "babel-plugin-syntax-trailing-function-commas": "6.22.0",
            "babel-plugin-transform-async-generator-functions": "6.24.1",
            "babel-plugin-transform-async-to-generator": "6.24.1",
            "babel-plugin-transform-exponentiation-operator": "6.24.1",
            "babel-plugin-transform-object-rest-spread": "6.23.0"
          }
        },
        "babel-register": {
          "version": "6.26.0",
          "bundled": true,
          "dev": true,
          "requires": {
            "babel-core": "6.26.0",
            "babel-runtime": "6.26.0",
            "core-js": "2.5.1",
            "home-or-tmp": "2.0.0",
            "lodash": "4.17.4",
            "mkdirp": "0.5.1",
            "source-map-support": "0.4.18"
          },
          "dependencies": {
            "babel-runtime": {
              "version": "6.26.0",
              "bundled": true,
              "dev": true,
              "requires": {
                "core-js": "2.5.1",
                "regenerator-runtime": "0.11.0"
              }
            },
            "core-js": {
              "version": "2.5.1",
              "bundled": true,
              "dev": true
            },
            "regenerator-runtime": {
              "version": "0.11.0",
              "bundled": true,
              "dev": true
            }
          }
        },
        "babel-runtime": {
          "version": "6.25.0",
          "bundled": true,
          "requires": {
            "core-js": "2.4.1",
            "regenerator-runtime": "0.10.5"
          }
        },
        "babel-template": {
          "version": "6.25.0",
          "bundled": true,
          "requires": {
            "babel-runtime": "6.25.0",
            "babel-traverse": "6.25.0",
            "babel-types": "6.25.0",
            "babylon": "6.17.4",
            "lodash": "4.17.4"
          }
        },
        "babel-traverse": {
          "version": "6.25.0",
          "bundled": true,
          "requires": {
            "babel-code-frame": "6.22.0",
            "babel-messages": "6.23.0",
            "babel-runtime": "6.25.0",
            "babel-types": "6.25.0",
            "babylon": "6.17.4",
            "debug": "2.6.8",
            "globals": "9.18.0",
            "invariant": "2.2.2",
            "lodash": "4.17.4"
          }
        },
        "babel-types": {
          "version": "6.25.0",
          "bundled": true,
          "requires": {
            "babel-runtime": "6.25.0",
            "esutils": "2.0.2",
            "lodash": "4.17.4",
            "to-fast-properties": "1.0.3"
          }
        },
        "babylon": {
          "version": "6.17.4",
          "bundled": true
        },
        "balanced-match": {
          "version": "1.0.0",
          "bundled": true
        },
        "brace-expansion": {
          "version": "1.1.8",
          "bundled": true,
          "requires": {
            "balanced-match": "1.0.0",
            "concat-map": "0.0.1"
          }
        },
        "browserslist": {
          "version": "2.11.3",
          "bundled": true,
          "requires": {
            "caniuse-lite": "1.0.30000792",
            "electron-to-chromium": "1.3.31"
          }
        },
        "caniuse-lite": {
          "version": "1.0.30000792",
          "bundled": true
        },
        "chalk": {
          "version": "1.1.3",
          "bundled": true,
          "requires": {
            "ansi-styles": "2.2.1",
            "escape-string-regexp": "1.0.5",
            "has-ansi": "2.0.0",
            "strip-ansi": "3.0.1",
            "supports-color": "2.0.0"
          }
        },
        "clean-css": {
          "version": "4.1.9",
          "bundled": true,
          "requires": {
            "source-map": "0.5.6"
          }
        },
        "commander": {
          "version": "2.13.0",
          "bundled": true
        },
        "concat-map": {
          "version": "0.0.1",
          "bundled": true
        },
        "convert-source-map": {
          "version": "1.5.0",
          "bundled": true,
          "dev": true
        },
        "core-js": {
          "version": "2.4.1",
          "bundled": true
        },
        "debug": {
          "version": "2.6.8",
          "bundled": true,
          "requires": {
            "ms": "2.0.0"
          }
        },
        "detect-indent": {
          "version": "4.0.0",
          "bundled": true,
          "dev": true,
          "requires": {
            "repeating": "2.0.1"
          }
        },
        "electron-to-chromium": {
          "version": "1.3.31",
          "bundled": true
        },
        "escape-string-regexp": {
          "version": "1.0.5",
          "bundled": true
        },
        "esutils": {
          "version": "2.0.2",
          "bundled": true
        },
        "fs.realpath": {
          "version": "1.0.0",
          "bundled": true
        },
        "glob": {
          "version": "7.1.2",
          "bundled": true,
          "requires": {
            "fs.realpath": "1.0.0",
            "inflight": "1.0.6",
            "inherits": "2.0.3",
            "minimatch": "3.0.4",
            "once": "1.4.0",
            "path-is-absolute": "1.0.1"
          }
        },
        "globals": {
          "version": "9.18.0",
          "bundled": true
        },
        "has-ansi": {
          "version": "2.0.0",
          "bundled": true,
          "requires": {
            "ansi-regex": "2.1.1"
          }
        },
        "home-or-tmp": {
          "version": "2.0.0",
          "bundled": true,
          "dev": true,
          "requires": {
            "os-homedir": "1.0.2",
            "os-tmpdir": "1.0.2"
          }
        },
        "inflight": {
          "version": "1.0.6",
          "bundled": true,
          "requires": {
            "once": "1.4.0",
            "wrappy": "1.0.2"
          }
        },
        "inherits": {
          "version": "2.0.3",
          "bundled": true
        },
        "interpret": {
          "version": "1.1.0",
          "bundled": true
        },
        "invariant": {
          "version": "2.2.2",
          "bundled": true,
          "requires": {
            "loose-envify": "1.3.1"
          }
        },
        "is-finite": {
          "version": "1.0.2",
          "bundled": true,
          "dev": true,
          "requires": {
            "number-is-nan": "1.0.1"
          }
        },
        "js-tokens": {
          "version": "3.0.2",
          "bundled": true
        },
        "jsesc": {
          "version": "1.3.0",
          "bundled": true,
          "dev": true
        },
        "json5": {
          "version": "0.5.1",
          "bundled": true,
          "dev": true
        },
        "lodash": {
          "version": "4.17.4",
          "bundled": true
        },
        "loose-envify": {
          "version": "1.3.1",
          "bundled": true,
          "requires": {
            "js-tokens": "3.0.2"
          }
        },
        "minimatch": {
          "version": "3.0.4",
          "bundled": true,
          "requires": {
            "brace-expansion": "1.1.8"
          }
        },
        "minimist": {
          "version": "0.0.8",
          "bundled": true,
          "dev": true
        },
        "mkdirp": {
          "version": "0.5.1",
          "bundled": true,
          "dev": true,
          "requires": {
            "minimist": "0.0.8"
          }
        },
        "ms": {
          "version": "2.0.0",
          "bundled": true
        },
        "number-is-nan": {
          "version": "1.0.1",
          "bundled": true,
          "dev": true
        },
        "once": {
          "version": "1.4.0",
          "bundled": true,
          "requires": {
            "wrappy": "1.0.2"
          }
        },
        "os-homedir": {
          "version": "1.0.2",
          "bundled": true,
          "dev": true
        },
        "os-tmpdir": {
          "version": "1.0.2",
          "bundled": true,
          "dev": true
        },
        "path-is-absolute": {
          "version": "1.0.1",
          "bundled": true
        },
        "path-parse": {
          "version": "1.0.5",
          "bundled": true
        },
        "private": {
          "version": "0.1.7",
          "bundled": true
        },
        "rechoir": {
          "version": "0.6.2",
          "bundled": true,
          "requires": {
            "resolve": "1.5.0"
          }
        },
        "regenerate": {
          "version": "1.3.3",
          "bundled": true
        },
        "regenerator-runtime": {
          "version": "0.10.5",
          "bundled": true
        },
        "regenerator-transform": {
          "version": "0.10.1",
          "bundled": true,
          "requires": {
            "babel-runtime": "6.25.0",
            "babel-types": "6.25.0",
            "private": "0.1.7"
          }
        },
        "regexpu-core": {
          "version": "2.0.0",
          "bundled": true,
          "requires": {
            "regenerate": "1.3.3",
            "regjsgen": "0.2.0",
            "regjsparser": "0.1.5"
          }
        },
        "regjsgen": {
          "version": "0.2.0",
          "bundled": true
        },
        "regjsparser": {
          "version": "0.1.5",
          "bundled": true,
          "requires": {
            "jsesc": "0.5.0"
          },
          "dependencies": {
            "jsesc": {
              "version": "0.5.0",
              "bundled": true
            }
          }
        },
        "repeating": {
          "version": "2.0.1",
          "bundled": true,
          "dev": true,
          "requires": {
            "is-finite": "1.0.2"
          }
        },
        "resolve": {
          "version": "1.5.0",
          "bundled": true,
          "requires": {
            "path-parse": "1.0.5"
          }
        },
        "semver": {
          "version": "5.5.0",
          "bundled": true
        },
        "shelljs": {
          "version": "0.8.1",
          "bundled": true,
          "requires": {
            "glob": "7.1.2",
            "interpret": "1.1.0",
            "rechoir": "0.6.2"
          }
        },
        "slash": {
          "version": "1.0.0",
          "bundled": true,
          "dev": true
        },
        "source-map": {
          "version": "0.5.6",
          "bundled": true
        },
        "source-map-support": {
          "version": "0.4.18",
          "bundled": true,
          "dev": true,
          "requires": {
            "source-map": "0.5.6"
          }
        },
        "strip-ansi": {
          "version": "3.0.1",
          "bundled": true,
          "requires": {
            "ansi-regex": "2.1.1"
          }
        },
        "supports-color": {
          "version": "2.0.0",
          "bundled": true
        },
        "svelte": {
          "version": "1.55.0",
          "bundled": true
        },
        "to-fast-properties": {
          "version": "1.0.3",
          "bundled": true
        },
        "trim-right": {
          "version": "1.0.1",
          "bundled": true,
          "dev": true
        },
        "uglify-es": {
          "version": "3.3.9",
          "bundled": true,
          "requires": {
            "commander": "2.13.0",
            "source-map": "0.6.1"
          },
          "dependencies": {
            "source-map": {
              "version": "0.6.1",
              "bundled": true
            }
          }
        },
        "uglify-js": {
          "version": "3.3.10",
          "bundled": true,
          "requires": {
            "commander": "2.14.1",
            "source-map": "0.6.1"
          },
          "dependencies": {
            "commander": {
              "version": "2.14.1",
              "bundled": true
            },
            "source-map": {
              "version": "0.6.1",
              "bundled": true
            }
          }
        },
        "wrappy": {
          "version": "1.0.2",
          "bundled": true
        }
      }
    },
    "resolve": {
      "version": "1.7.1",
      "resolved": "https://registry.npmjs.org/resolve/-/resolve-1.7.1.tgz",
      "integrity": "sha512-c7rwLofp8g1U+h1KNyHL/jicrKg1Ek4q+Lr33AL65uZTinUZHe30D5HlyN5V9NW0JX1D5dXQ4jqW5l7Sy/kGfw==",
      "dev": true,
      "requires": {
        "path-parse": "1.0.5"
      }
    },
    "rollup": {
      "version": "0.58.2",
      "resolved": "https://registry.npmjs.org/rollup/-/rollup-0.58.2.tgz",
      "integrity": "sha512-RZVvCWm9BHOYloaE6LLiE/ibpjv1CmI8F8k0B0Cp+q1eezo3cswszJH1DN0djgzSlo0hjuuCmyeI+1XOYLl4wg==",
      "dev": true,
      "requires": {
        "@types/estree": "0.0.38",
        "@types/node": "9.6.6"
      }
    },
    "rollup-plugin-node-resolve": {
      "version": "3.3.0",
      "resolved": "https://registry.npmjs.org/rollup-plugin-node-resolve/-/rollup-plugin-node-resolve-3.3.0.tgz",
      "integrity": "sha512-9zHGr3oUJq6G+X0oRMYlzid9fXicBdiydhwGChdyeNRGPcN/majtegApRKHLR5drboUvEWU+QeUmGTyEZQs3WA==",
      "dev": true,
      "requires": {
        "builtin-modules": "2.0.0",
        "is-module": "1.0.0",
        "resolve": "1.7.1"
      }
    }
  }
}
