{
  "name": "@pnotify/core",
  "version": "5.0.0-alpha.5",
  "lockfileVersion": 1,
  "requires": true,
  "dependencies": {
    "@smui/common": {
      "version": "1.0.0-beta.20",
      "resolved": "https://registry.npmjs.org/@smui/common/-/common-1.0.0-beta.20.tgz",
      "integrity": "sha512-/zgWSJRvzmvx9Yo4KjmiiMdicHFiGfCH8rriEec6VL/BMv95DnzF9GW7WA1nDHlJ66KRYxN3Fc9TqC6idbLdIw==",
      "dev": true,
      "requires": {
        "svelte": "^3.0"
      }
    },
    "svelte": {
      "version": "3.19.1",
      "resolved": "https://registry.npmjs.org/svelte/-/svelte-3.19.1.tgz",
      "integrity": "sha512-MGBh6LiWwwOfzlH9epQ8mP5DNWsuc6fWsZpLy47beqNG8wSkrQ/ez7TxaV+8VZ5KOwJJnfesj5gqgGjM2NcWVw==",
      "dev": true
    }
  }
}
