{
  "name": "pnotify-typescript-test",
  "version": "0.0.0",
  "lockfileVersion": 1,
  "requires": true,
  "dependencies": {
    "@pnotify/animate": {
      "version": "file:../../packages/animate",
      "dev": true,
      "requires": {
        "@pnotify/core": "^5.0.1"
      }
    },
    "@pnotify/bootstrap4": {
      "version": "file:../../packages/bootstrap4",
      "dev": true,
      "requires": {
        "@pnotify/core": "^5.0.1"
      }
    },
    "@pnotify/confirm": {
      "version": "file:../../packages/confirm",
      "dev": true,
      "requires": {
        "@pnotify/core": "^5.0.1"
      }
    },
    "@pnotify/core": {
      "version": "file:../../packages/core",
      "dev": true,
      "requires": {
        "@smui/common": "^1.0.0-beta.21",
        "svelte": "^3.20.1"
      }
    },
    "typescript": {
      "version": "3.8.3",
      "resolved": "https://registry.npmjs.org/typescript/-/typescript-3.8.3.tgz",
      "integrity": "sha512-MYlEfn5VrLNsgudQTVJeNaQFUAI7DkhnOjdpAp4T+ku1TfQClewlbSuTVHiA+8skNBgaf02TL/kLOvig4y3G8w==",
      "dev": true
    }
  }
}
